
Microsoft Visual Studio Solution File, Format Version 12.00
# Visual Studio Version 17
VisualStudioVersion = 17.13.35931.197
MinimumVisualStudioVersion = 10.0.40219.1
Project("{2150E333-8FDC-42A3-9474-1A3956D46DE8}") = "src", "src", "{02EA681E-C7D8-13C7-8484-4AC65E1B71E8}"
EndProject
Project("{2150E333-8FDC-42A3-9474-1A3956D46DE8}") = "Services", "Services", "{30A1F30F-1F22-4171-972B-9CA9A87BA626}"
EndProject
Project("{2150E333-8FDC-42A3-9474-1A3956D46DE8}") = "Catalog", "Catalog", "{75D50C65-7AEB-4D97-A41F-527BDCFF62BB}"
EndProject
Project("{2150E333-8FDC-42A3-9474-1A3956D46DE8}") = "BuildingBlocks", "BuildingBlocks", "{2C1D1499-DB32-45D8-8A38-D9BAAB6B800A}"
EndProject
Project("{FAE04EC0-301F-11D3-BF4B-00C04F79EFBC}") = "BuildingBlocks", "src\BuildingBlocks\BuildingBlocks\BuildingBlocks.csproj", "{D2607EF5-D45C-0799-DBAB-8F9823749714}"
EndProject
Project("{2150E333-8FDC-42A3-9474-1A3956D46DE8}") = "tests", "tests", "{1E08C47A-63CD-41C6-8317-26022F35E8F1}"
EndProject
Project("{2150E333-8FDC-42A3-9474-1A3956D46DE8}") = "Services", "Services", "{EE660305-009C-44BA-9C2F-97748E666936}"
EndProject
Project("{2150E333-8FDC-42A3-9474-1A3956D46DE8}") = "Catalog", "Catalog", "{DC4DCF9A-EEFC-4D71-A76B-87358B017685}"
EndProject
Project("{FAE04EC0-301F-11D3-BF4B-00C04F79EFBC}") = "Catalog.API", "src\Services\Catalog\Catalog.API\Catalog.API.csproj", "{2577D5E5-EA8A-BC2D-48B9-5FCA0BB92918}"
EndProject
Project("{FAE04EC0-301F-11D3-BF4B-00C04F79EFBC}") = "Catalog.API.UnitTests", "tests\Services\Catalog\Catalog.API.UnitTests\Catalog.API.UnitTests.csproj", "{64909C4F-175E-F703-9CA3-970C6F9AA72A}"
EndProject
Project("{FAE04EC0-301F-11D3-BF4B-00C04F79EFBC}") = "Catalog.API.IntegrationTests", "tests\Services\Catalog\Catalog.API.IntegrationTests\Catalog.API.IntegrationTests.csproj", "{18D5A450-3CD4-B97A-E56D-D73E0AE4540E}"
EndProject
Global
	GlobalSection(SolutionConfigurationPlatforms) = preSolution
		Debug|Any CPU = Debug|Any CPU
		Release|Any CPU = Release|Any CPU
	EndGlobalSection
	GlobalSection(ProjectConfigurationPlatforms) = postSolution
		{D2607EF5-D45C-0799-DBAB-8F9823749714}.Debug|Any CPU.ActiveCfg = Debug|Any CPU
		{D2607EF5-D45C-0799-DBAB-8F9823749714}.Debug|Any CPU.Build.0 = Debug|Any CPU
		{D2607EF5-D45C-0799-DBAB-8F9823749714}.Release|Any CPU.ActiveCfg = Release|Any CPU
		{D2607EF5-D45C-0799-DBAB-8F9823749714}.Release|Any CPU.Build.0 = Release|Any CPU
		{2577D5E5-EA8A-BC2D-48B9-5FCA0BB92918}.Debug|Any CPU.ActiveCfg = Debug|Any CPU
		{2577D5E5-EA8A-BC2D-48B9-5FCA0BB92918}.Debug|Any CPU.Build.0 = Debug|Any CPU
		{2577D5E5-EA8A-BC2D-48B9-5FCA0BB92918}.Release|Any CPU.ActiveCfg = Release|Any CPU
		{2577D5E5-EA8A-BC2D-48B9-5FCA0BB92918}.Release|Any CPU.Build.0 = Release|Any CPU
		{64909C4F-175E-F703-9CA3-970C6F9AA72A}.Debug|Any CPU.ActiveCfg = Debug|Any CPU
		{64909C4F-175E-F703-9CA3-970C6F9AA72A}.Debug|Any CPU.Build.0 = Debug|Any CPU
		{64909C4F-175E-F703-9CA3-970C6F9AA72A}.Release|Any CPU.ActiveCfg = Release|Any CPU
		{64909C4F-175E-F703-9CA3-970C6F9AA72A}.Release|Any CPU.Build.0 = Release|Any CPU
		{18D5A450-3CD4-B97A-E56D-D73E0AE4540E}.Debug|Any CPU.ActiveCfg = Debug|Any CPU
		{18D5A450-3CD4-B97A-E56D-D73E0AE4540E}.Debug|Any CPU.Build.0 = Debug|Any CPU
		{18D5A450-3CD4-B97A-E56D-D73E0AE4540E}.Release|Any CPU.ActiveCfg = Release|Any CPU
		{18D5A450-3CD4-B97A-E56D-D73E0AE4540E}.Release|Any CPU.Build.0 = Release|Any CPU
	EndGlobalSection
	GlobalSection(SolutionProperties) = preSolution
		HideSolutionNode = FALSE
	EndGlobalSection
	GlobalSection(NestedProjects) = preSolution
		{30A1F30F-1F22-4171-972B-9CA9A87BA626} = {02EA681E-C7D8-13C7-8484-4AC65E1B71E8}
		{75D50C65-7AEB-4D97-A41F-527BDCFF62BB} = {30A1F30F-1F22-4171-972B-9CA9A87BA626}
		{2C1D1499-DB32-45D8-8A38-D9BAAB6B800A} = {02EA681E-C7D8-13C7-8484-4AC65E1B71E8}
		{D2607EF5-D45C-0799-DBAB-8F9823749714} = {2C1D1499-DB32-45D8-8A38-D9BAAB6B800A}
		{EE660305-009C-44BA-9C2F-97748E666936} = {1E08C47A-63CD-41C6-8317-26022F35E8F1}
		{DC4DCF9A-EEFC-4D71-A76B-87358B017685} = {EE660305-009C-44BA-9C2F-97748E666936}
		{2577D5E5-EA8A-BC2D-48B9-5FCA0BB92918} = {75D50C65-7AEB-4D97-A41F-527BDCFF62BB}
		{64909C4F-175E-F703-9CA3-970C6F9AA72A} = {DC4DCF9A-EEFC-4D71-A76B-87358B017685}
		{18D5A450-3CD4-B97A-E56D-D73E0AE4540E} = {DC4DCF9A-EEFC-4D71-A76B-87358B017685}
	EndGlobalSection
	GlobalSection(ExtensibilityGlobals) = postSolution
		SolutionGuid = {3E9A8124-1F1B-461F-91A7-03877F0D1F78}
	EndGlobalSection
EndGlobal
